{
  "pins" : [
    {
      "identity" : "genericnetworklayer",
      "kind" : "remoteSourceControl",
      "location" : "https://github.com/luk407/GenericNetworkLayer.git",
      "state" : {
        "branch" : "main",
        "revision" : "94dd586eafb747c2d797d03351de49275dd30e72"
      }
    }
  ],
  "version" : 2
}
